// !$*UTF8*$!
{
	archiveVersion = 1;
	classes = {
	};
	objectVersion = 77;
	objects = {

/* Begin PBXBuildFile section */
		209990E32FC4FC2800C5A4E0 /* KaifangCore in Frameworks */ = {isa = PBXBuildFile; productRef = 209990E22FC4FC2800C5A4E0 /* KaifangCore */; };
		209990E52FC4FC2800C5A4E0 /* KaifangPresentation in Frameworks */ = {isa = PBXBuildFile; productRef = 209990E42FC4FC2800C5A4E0 /* KaifangPresentation */; };
		209990E72FC4FC3100C5A4E0 /* KaifangCore in Frameworks */ = {isa = PBXBuildFile; productRef = 209990E62FC4FC3100C5A4E0 /* KaifangCore */; };
		209990E92FC4FC3100C5A4E0 /* KaifangPresentation in Frameworks */ = {isa = PBXBuildFile; productRef = 209990E82FC4FC3100C5A4E0 /* KaifangPresentation */; };
/* End PBXBuildFile section */

/* Begin PBXContainerItemProxy section */
		2056FDA92FBBEF2400B4AD3D /* PBXContainerItemProxy */ = {
			isa = PBXContainerItemProxy;
			containerPortal = 2056FD862FBBEF2200B4AD3D /* Project object */;
			proxyType = 1;
			remoteGlobalIDString = 2056FD8D2FBBEF2200B4AD3D;
			remoteInfo = Kaifang;
		};
		2056FDB32FBBEF2400B4AD3D /* PBXContainerItemProxy */ = {
			isa = PBXContainerItemProxy;
			containerPortal = 2056FD862FBBEF2200B4AD3D /* Project object */;
			proxyType = 1;
			remoteGlobalIDString = 2056FD8D2FBBEF2200B4AD3D;
			remoteInfo = Kaifang;
		};
		209990C62FC4FAC200C5A4E0 /* PBXContainerItemProxy */ = {
			isa = PBXContainerItemProxy;
			containerPortal = 2056FD862FBBEF2200B4AD3D /* Project object */;
			proxyType = 1;
			remoteGlobalIDString = 209990B22FC4FABF00C5A4E0;
			remoteInfo = "Kaifang-Mac";
		};
		209990D02FC4FAC200C5A4E0 /* PBXContainerItemProxy */ = {
			isa = PBXContainerItemProxy;
			containerPortal = 2056FD862FBBEF2200B4AD3D /* Project object */;
			proxyType = 1;
			remoteGlobalIDString = 209990B22FC4FABF00C5A4E0;
			remoteInfo = "Kaifang-Mac";
		};
/* End PBXContainerItemProxy section */

/* Begin PBXFileReference section */
		2056FD8E2FBBEF2200B4AD3D /* Kaifang.app */ = {isa = PBXFileReference; explicitFileType = wrapper.application; includeInIndex = 0; path = Kaifang.app; sourceTree = BUILT_PRODUCTS_DIR; };
		2056FDA82FBBEF2400B4AD3D /* KaifangTests.xctest */ = {isa = PBXFileReference; explicitFileType = wrapper.cfbundle; includeInIndex = 0; path = KaifangTests.xctest; sourceTree = BUILT_PRODUCTS_DIR; };
		2056FDB22FBBEF2400B4AD3D /* KaifangUITests.xctest */ = {isa = PBXFileReference; explicitFileType = wrapper.cfbundle; includeInIndex = 0; path = KaifangUITests.xctest; sourceTree = BUILT_PRODUCTS_DIR; };
		209990B32FC4FABF00C5A4E0 /* Kaifang-Mac.app */ = {isa = PBXFileReference; explicitFileType = wrapper.application; includeInIndex = 0; path = "Kaifang-Mac.app"; sourceTree = BUILT_PRODUCTS_DIR; };
		209990C52FC4FAC200C5A4E0 /* Kaifang-MacTests.xctest */ = {isa = PBXFileReference; explicitFileType = wrapper.cfbundle; includeInIndex = 0; path = "Kaifang-MacTests.xctest"; sourceTree = BUILT_PRODUCTS_DIR; };
		209990CF2FC4FAC200C5A4E0 /* Kaifang-MacUITests.xctest */ = {isa = PBXFileReference; explicitFileType = wrapper.cfbundle; includeInIndex = 0; path = "Kaifang-MacUITests.xctest"; sourceTree = BUILT_PRODUCTS_DIR; };
		209990E02FC4FB2400C5A4E0 /* KaifangShared */ = {isa = PBXFileReference; lastKnownFileType = wrapper; path = KaifangShared; sourceTree = "<group>"; };
/* End PBXFileReference section */

/* Begin PBXFileSystemSynchronizedBuildFileExceptionSet section */
		2056FDBA2FBBEF2400B4AD3D /* Exceptions for "Kaifang" folder in "Kaifang" target */ = {
			isa = PBXFileSystemSynchronizedBuildFileExceptionSet;
			membershipExceptions = (
				Info.plist,
			);
			target = 2056FD8D2FBBEF2200B4AD3D /* Kaifang */;
		};
/* End PBXFileSystemSynchronizedBuildFileExceptionSet section */

/* Begin PBXFileSystemSynchronizedRootGroup section */
		20305B662FC64A950058621D /* TestPlans */ = {
			isa = PBXFileSystemSynchronizedRootGroup;
			path = TestPlans;
			sourceTree = "<group>";
		};
		2056FD902FBBEF2200B4AD3D /* Kaifang */ = {
			isa = PBXFileSystemSynchronizedRootGroup;
			exceptions = (
				2056FDBA2FBBEF2400B4AD3D /* Exceptions for "Kaifang" folder in "Kaifang" target */,
			);
			path = Kaifang;
			sourceTree = "<group>";
		};
		2056FDAB2FBBEF2400B4AD3D /* KaifangTests */ = {
			isa = PBXFileSystemSynchronizedRootGroup;
			path = KaifangTests;
			sourceTree = "<group>";
		};
		2056FDB52FBBEF2400B4AD3D /* KaifangUITests */ = {
			isa = PBXFileSystemSynchronizedRootGroup;
			path = KaifangUITests;
			sourceTree = "<group>";
		};
		209990B42FC4FABF00C5A4E0 /* Kaifang-Mac */ = {
			isa = PBXFileSystemSynchronizedRootGroup;
			path = "Kaifang-Mac";
			sourceTree = "<group>";
		};
		209990C82FC4FAC200C5A4E0 /* Kaifang-MacTests */ = {
			isa = PBXFileSystemSynchronizedRootGroup;
			path = "Kaifang-MacTests";
			sourceTree = "<group>";
		};
		209990D22FC4FAC200C5A4E0 /* Kaifang-MacUITests */ = {
			isa = PBXFileSystemSynchronizedRootGroup;
			path = "Kaifang-MacUITests";
			sourceTree = "<group>";
		};
		20D03CA72FC630A3001D0D06 /* .github */ = {
			isa = PBXFileSystemSynchronizedRootGroup;
			path = .github;
			sourceTree = "<group>";
		};
/* End PBXFileSystemSynchronizedRootGroup section */

/* Begin PBXFrameworksBuildPhase section */
		2056FD8B2FBBEF2200B4AD3D /* Frameworks */ = {
			isa = PBXFrameworksBuildPhase;
			buildActionMask = 2147483647;
			files = (
				209990E52FC4FC2800C5A4E0 /* KaifangPresentation in Frameworks */,
				209990E32FC4FC2800C5A4E0 /* KaifangCore in Frameworks */,
			);
			runOnlyForDeploymentPostprocessing = 0;
		};
		2056FDA52FBBEF2400B4AD3D /* Frameworks */ = {
			isa = PBXFrameworksBuildPhase;
			buildActionMask = 2147483647;
			files = (
			);
			runOnlyForDeploymentPostprocessing = 0;
		};
		2056FDAF2FBBEF2400B4AD3D /* Frameworks */ = {
			isa = PBXFrameworksBuildPhase;
			buildActionMask = 2147483647;
			files = (
			);
			runOnlyForDeploymentPostprocessing = 0;
		};
		209990B02FC4FABF00C5A4E0 /* Frameworks */ = {
			isa = PBXFrameworksBuildPhase;
			buildActionMask = 2147483647;
			files = (
				209990E92FC4FC3100C5A4E0 /* KaifangPresentation in Frameworks */,
				209990E72FC4FC3100C5A4E0 /* KaifangCore in Frameworks */,
			);
			runOnlyForDeploymentPostprocessing = 0;
		};
		209990C22FC4FAC200C5A4E0 /* Frameworks */ = {
			isa = PBXFrameworksBuildPhase;
			buildActionMask = 2147483647;
			files = (
			);
			runOnlyForDeploymentPostprocessing = 0;
		};
		209990CC2FC4FAC200C5A4E0 /* Frameworks */ = {
			isa = PBXFrameworksBuildPhase;
			buildActionMask = 2147483647;
			files = (
			);
			runOnlyForDeploymentPostprocessing = 0;
		};
/* End PBXFrameworksBuildPhase section */

/* Begin PBXGroup section */
		2056FD852FBBEF2200B4AD3D = {
			isa = PBXGroup;
			children = (
				20305B662FC64A950058621D /* TestPlans */,
				20D03CA72FC630A3001D0D06 /* .github */,
				209990E02FC4FB2400C5A4E0 /* KaifangShared */,
				2056FD902FBBEF2200B4AD3D /* Kaifang */,
				2056FDAB2FBBEF2400B4AD3D /* KaifangTests */,
				2056FDB52FBBEF2400B4AD3D /* KaifangUITests */,
				209990B42FC4FABF00C5A4E0 /* Kaifang-Mac */,
				209990C82FC4FAC200C5A4E0 /* Kaifang-MacTests */,
				209990D22FC4FAC200C5A4E0 /* Kaifang-MacUITests */,
				209990E12FC4FC2800C5A4E0 /* Frameworks */,
				2056FD8F2FBBEF2200B4AD3D /* Products */,
			);
			sourceTree = "<group>";
		};
		2056FD8F2FBBEF2200B4AD3D /* Products */ = {
			isa = PBXGroup;
			children = (
				2056FD8E2FBBEF2200B4AD3D /* Kaifang.app */,
				2056FDA82FBBEF2400B4AD3D /* KaifangTests.xctest */,
				2056FDB22FBBEF2400B4AD3D /* KaifangUITests.xctest */,
				209990B32FC4FABF00C5A4E0 /* Kaifang-Mac.app */,
				209990C52FC4FAC200C5A4E0 /* Kaifang-MacTests.xctest */,
				209990CF2FC4FAC200C5A4E0 /* Kaifang-MacUITests.xctest */,
			);
			name = Products;
			sourceTree = "<group>";
		};
		209990E12FC4FC2800C5A4E0 /* Frameworks */ = {
			isa = PBXGroup;
			children = (
			);
			name = Frameworks;
			sourceTree = "<group>";
		};
/* End PBXGroup section */

/* Begin PBXNativeTarget section */
		2056FD8D2FBBEF2200B4AD3D /* Kaifang */ = {
			isa = PBXNativeTarget;
			buildConfigurationList = 2056FDBB2FBBEF2400B4AD3D /* Build configuration list for PBXNativeTarget "Kaifang" */;
			buildPhases = (
				2056FD8A2FBBEF2200B4AD3D /* Sources */,
				2056FD8B2FBBEF2200B4AD3D /* Frameworks */,
				2056FD8C2FBBEF2200B4AD3D /* Resources */,
			);
			buildRules = (
			);
			dependencies = (
			);
			fileSystemSynchronizedGroups = (
				2056FD902FBBEF2200B4AD3D /* Kaifang */,
			);
			name = Kaifang;
			packageProductDependencies = (
				209990E22FC4FC2800C5A4E0 /* KaifangCore */,
				209990E42FC4FC2800C5A4E0 /* KaifangPresentation */,
			);
			productName = Kaifang;
			productReference = 2056FD8E2FBBEF2200B4AD3D /* Kaifang.app */;
			productType = "com.apple.product-type.application";
		};
		2056FDA72FBBEF2400B4AD3D /* KaifangTests */ = {
			isa = PBXNativeTarget;
			buildConfigurationList = 2056FDC02FBBEF2400B4AD3D /* Build configuration list for PBXNativeTarget "KaifangTests" */;
			buildPhases = (
				2056FDA42FBBEF2400B4AD3D /* Sources */,
				2056FDA52FBBEF2400B4AD3D /* Frameworks */,
				2056FDA62FBBEF2400B4AD3D /* Resources */,
			);
			buildRules = (
			);
			dependencies = (
				2056FDAA2FBBEF2400B4AD3D /* PBXTargetDependency */,
			);
			fileSystemSynchronizedGroups = (
				2056FDAB2FBBEF2400B4AD3D /* KaifangTests */,
			);
			name = KaifangTests;
			packageProductDependencies = (
			);
			productName = KaifangTests;
			productReference = 2056FDA82FBBEF2400B4AD3D /* KaifangTests.xctest */;
			productType = "com.apple.product-type.bundle.unit-test";
		};
		2056FDB12FBBEF2400B4AD3D /* KaifangUITests */ = {
			isa = PBXNativeTarget;
			buildConfigurationList = 2056FDC32FBBEF2400B4AD3D /* Build configuration list for PBXNativeTarget "KaifangUITests" */;
			buildPhases = (
				2056FDAE2FBBEF2400B4AD3D /* Sources */,
				2056FDAF2FBBEF2400B4AD3D /* Frameworks */,
				2056FDB02FBBEF2400B4AD3D /* Resources */,
			);
			buildRules = (
			);
			dependencies = (
				2056FDB42FBBEF2400B4AD3D /* PBXTargetDependency */,
			);
			fileSystemSynchronizedGroups = (
				2056FDB52FBBEF2400B4AD3D /* KaifangUITests */,
			);
			name = KaifangUITests;
			packageProductDependencies = (
			);
			productName = KaifangUITests;
			productReference = 2056FDB22FBBEF2400B4AD3D /* KaifangUITests.xctest */;
			productType = "com.apple.product-type.bundle.ui-testing";
		};
		209990B22FC4FABF00C5A4E0 /* Kaifang-Mac */ = {
			isa = PBXNativeTarget;
			buildConfigurationList = 209990DD2FC4FAC200C5A4E0 /* Build configuration list for PBXNativeTarget "Kaifang-Mac" */;
			buildPhases = (
				209990AF2FC4FABF00C5A4E0 /* Sources */,
				209990B02FC4FABF00C5A4E0 /* Frameworks */,
				209990B12FC4FABF00C5A4E0 /* Resources */,
			);
			buildRules = (
			);
			dependencies = (
			);
			fileSystemSynchronizedGroups = (
				209990B42FC4FABF00C5A4E0 /* Kaifang-Mac */,
			);
			name = "Kaifang-Mac";
			packageProductDependencies = (
				209990E62FC4FC3100C5A4E0 /* KaifangCore */,
				209990E82FC4FC3100C5A4E0 /* KaifangPresentation */,
			);
			productName = "Kaifang-Mac";
			productReference = 209990B32FC4FABF00C5A4E0 /* Kaifang-Mac.app */;
			productType = "com.apple.product-type.application";
		};
		209990C42FC4FAC200C5A4E0 /* Kaifang-MacTests */ = {
			isa = PBXNativeTarget;
			buildConfigurationList = 209990DE2FC4FAC200C5A4E0 /* Build configuration list for PBXNativeTarget "Kaifang-MacTests" */;
			buildPhases = (
				209990C12FC4FAC200C5A4E0 /* Sources */,
				209990C22FC4FAC200C5A4E0 /* Frameworks */,
				209990C32FC4FAC200C5A4E0 /* Resources */,
			);
			buildRules = (
			);
			dependencies = (
				209990C72FC4FAC200C5A4E0 /* PBXTargetDependency */,
			);
			fileSystemSynchronizedGroups = (
				209990C82FC4FAC200C5A4E0 /* Kaifang-MacTests */,
			);
			name = "Kaifang-MacTests";
			packageProductDependencies = (
			);
			productName = "Kaifang-MacTests";
			productReference = 209990C52FC4FAC200C5A4E0 /* Kaifang-MacTests.xctest */;
			productType = "com.apple.product-type.bundle.unit-test";
		};
		209990CE2FC4FAC200C5A4E0 /* Kaifang-MacUITests */ = {
			isa = PBXNativeTarget;
			buildConfigurationList = 209990DF2FC4FAC200C5A4E0 /* Build configuration list for PBXNativeTarget "Kaifang-MacUITests" */;
			buildPhases = (
				209990CB2FC4FAC200C5A4E0 /* Sources */,
				209990CC2FC4FAC200C5A4E0 /* Frameworks */,
				209990CD2FC4FAC200C5A4E0 /* Resources */,
			);
			buildRules = (
			);
			dependencies = (
				209990D12FC4FAC200C5A4E0 /* PBXTargetDependency */,
			);
			fileSystemSynchronizedGroups = (
				209990D22FC4FAC200C5A4E0 /* Kaifang-MacUITests */,
			);
			name = "Kaifang-MacUITests";
			packageProductDependencies = (
			);
			productName = "Kaifang-MacUITests";
			productReference = 209990CF2FC4FAC200C5A4E0 /* Kaifang-MacUITests.xctest */;
			productType = "com.apple.product-type.bundle.ui-testing";
		};
/* End PBXNativeTarget section */

/* Begin PBXProject section */
		2056FD862FBBEF2200B4AD3D /* Project object */ = {
			isa = PBXProject;
			attributes = {
				BuildIndependentTargetsInParallel = 1;
				LastSwiftUpdateCheck = 2650;
				LastUpgradeCheck = 2650;
				TargetAttributes = {
					2056FD8D2FBBEF2200B4AD3D = {
						CreatedOnToolsVersion = 26.5;
					};
					2056FDA72FBBEF2400B4AD3D = {
						CreatedOnToolsVersion = 26.5;
						TestTargetID = 2056FD8D2FBBEF2200B4AD3D;
					};
					2056FDB12FBBEF2400B4AD3D = {
						CreatedOnToolsVersion = 26.5;
						TestTargetID = 2056FD8D2FBBEF2200B4AD3D;
					};
					209990B22FC4FABF00C5A4E0 = {
						CreatedOnToolsVersion = 26.5;
					};
					209990C42FC4FAC200C5A4E0 = {
						CreatedOnToolsVersion = 26.5;
						TestTargetID = 209990B22FC4FABF00C5A4E0;
					};
					209990CE2FC4FAC200C5A4E0 = {
						CreatedOnToolsVersion = 26.5;
						TestTargetID = 209990B22FC4FABF00C5A4E0;
					};
				};
			};
			buildConfigurationList = 2056FD892FBBEF2200B4AD3D /* Build configuration list for PBXProject "Kaifang" */;
			developmentRegion = en;
			hasScannedForEncodings = 0;
			knownRegions = (
				en,
				Base,
			);
			mainGroup = 2056FD852FBBEF2200B4AD3D;
			minimizedProjectReferenceProxies = 1;
			preferredProjectObjectVersion = 77;
			productRefGroup = 2056FD8F2FBBEF2200B4AD3D /* Products */;
			projectDirPath = "";
			projectRoot = "";
			targets = (
				2056FD8D2FBBEF2200B4AD3D /* Kaifang */,
				2056FDA72FBBEF2400B4AD3D /* KaifangTests */,
				2056FDB12FBBEF2400B4AD3D /* KaifangUITests */,
				209990B22FC4FABF00C5A4E0 /* Kaifang-Mac */,
				209990C42FC4FAC200C5A4E0 /* Kaifang-MacTests */,
				209990CE2FC4FAC200C5A4E0 /* Kaifang-MacUITests */,
			);
		};
/* End PBXProject section */

/* Begin PBXResourcesBuildPhase section */
		2056FD8C2FBBEF2200B4AD3D /* Resources */ = {
			isa = PBXResourcesBuildPhase;
			buildActionMask = 2147483647;
			files = (
			);
			runOnlyForDeploymentPostprocessing = 0;
		};
		2056FDA62FBBEF2400B4AD3D /* Resources */ = {
			isa = PBXResourcesBuildPhase;
			buildActionMask = 2147483647;
			files = (
			);
			runOnlyForDeploymentPostprocessing = 0;
		};
		2056FDB02FBBEF2400B4AD3D /* Resources */ = {
			isa = PBXResourcesBuildPhase;
			buildActionMask = 2147483647;
			files = (
			);
			runOnlyForDeploymentPostprocessing = 0;
		};
		209990B12FC4FABF00C5A4E0 /* Resources */ = {
			isa = PBXResourcesBuildPhase;
			buildActionMask = 2147483647;
			files = (
			);
			runOnlyForDeploymentPostprocessing = 0;
		};
		209990C32FC4FAC200C5A4E0 /* Resources */ = {
			isa = PBXResourcesBuildPhase;
			buildActionMask = 2147483647;
			files = (
			);
			runOnlyForDeploymentPostprocessing = 0;
		};
		209990CD2FC4FAC200C5A4E0 /* Resources */ = {
			isa = PBXResourcesBuildPhase;
			buildActionMask = 2147483647;
			files = (
			);
			runOnlyForDeploymentPostprocessing = 0;
		};
/* End PBXResourcesBuildPhase section */

/* Begin PBXSourcesBuildPhase section */
		2056FD8A2FBBEF2200B4AD3D /* Sources */ = {
			isa = PBXSourcesBuildPhase;
			buildActionMask = 2147483647;
			files = (
			);
			runOnlyForDeploymentPostprocessing = 0;
		};
		2056FDA42FBBEF2400B4AD3D /* Sources */ = {
			isa = PBXSourcesBuildPhase;
			buildActionMask = 2147483647;
			files = (
			);
			runOnlyForDeploymentPostprocessing = 0;
		};
		2056FDAE2FBBEF2400B4AD3D /* Sources */ = {
			isa = PBXSourcesBuildPhase;
			buildActionMask = 2147483647;
			files = (
			);
			runOnlyForDeploymentPostprocessing = 0;
		};
		209990AF2FC4FABF00C5A4E0 /* Sources */ = {
			isa = PBXSourcesBuildPhase;
			buildActionMask = 2147483647;
			files = (
			);
			runOnlyForDeploymentPostprocessing = 0;
		};
		209990C12FC4FAC200C5A4E0 /* Sources */ = {
			isa = PBXSourcesBuildPhase;
			buildActionMask = 2147483647;
			files = (
			);
			runOnlyForDeploymentPostprocessing = 0;
		};
		209990CB2FC4FAC200C5A4E0 /* Sources */ = {
			isa = PBXSourcesBuildPhase;
			buildActionMask = 2147483647;
			files = (
			);
			runOnlyForDeploymentPostprocessing = 0;
		};
/* End PBXSourcesBuildPhase section */

/* Begin PBXTargetDependency section */
		2056FDAA2FBBEF2400B4AD3D /* PBXTargetDependency */ = {
			isa = PBXTargetDependency;
			target = 2056FD8D2FBBEF2200B4AD3D /* Kaifang */;
			targetProxy = 2056FDA92FBBEF2400B4AD3D /* PBXContainerItemProxy */;
		};
		2056FDB42FBBEF2400B4AD3D /* PBXTargetDependency */ = {
			isa = PBXTargetDependency;
			target = 2056FD8D2FBBEF2200B4AD3D /* Kaifang */;
			targetProxy = 2056FDB32FBBEF2400B4AD3D /* PBXContainerItemProxy */;
		};
		209990C72FC4FAC200C5A4E0 /* PBXTargetDependency */ = {
			isa = PBXTargetDependency;
			target = 209990B22FC4FABF00C5A4E0 /* Kaifang-Mac */;
			targetProxy = 209990C62FC4FAC200C5A4E0 /* PBXContainerItemProxy */;
		};
		209990D12FC4FAC200C5A4E0 /* PBXTargetDependency */ = {
			isa = PBXTargetDependency;
			target = 209990B22FC4FABF00C5A4E0 /* Kaifang-Mac */;
			targetProxy = 209990D02FC4FAC200C5A4E0 /* PBXContainerItemProxy */;
		};
/* End PBXTargetDependency section */

/* Begin XCBuildConfiguration section */
		2056FDBC2FBBEF2400B4AD3D /* Debug */ = {
			isa = XCBuildConfiguration;
			buildSettings = {
				ASSETCATALOG_COMPILER_APPICON_NAME = AppIcon;
				ASSETCATALOG_COMPILER_GLOBAL_ACCENT_COLOR_NAME = AccentColor;
				CODE_SIGN_ENTITLEMENTS = Kaifang/Kaifang.entitlements;
				"CODE_SIGN_IDENTITY[sdk=iphoneos*]" = "iPhone Distribution";
				CODE_SIGN_STYLE = Manual;
				CURRENT_PROJECT_VERSION = 1;
				DEVELOPMENT_TEAM = "";
				"DEVELOPMENT_TEAM[sdk=iphoneos*]" = 4A9XHUS87Q;
				GENERATE_INFOPLIST_FILE = YES;
				INFOPLIST_FILE = Kaifang/Info.plist;
				INFOPLIST_KEY_UIApplicationSupportsIndirectInputEvents = YES;
				INFOPLIST_KEY_UILaunchStoryboardName = LaunchScreen;
				INFOPLIST_KEY_UIMainStoryboardFile = Main;
				INFOPLIST_KEY_UISupportedInterfaceOrientations_iPad = "UIInterfaceOrientationPortrait UIInterfaceOrientationPortraitUpsideDown UIInterfaceOrientationLandscapeLeft UIInterfaceOrientationLandscapeRight";
				INFOPLIST_KEY_UISupportedInterfaceOrientations_iPhone = "UIInterfaceOrientationPortrait UIInterfaceOrientationLandscapeLeft UIInterfaceOrientationLandscapeRight";
				LD_RUNPATH_SEARCH_PATHS = (
					"$(inherited)",
					"@executable_path/Frameworks",
				);
				MARKETING_VERSION = 1.0;
				PRODUCT_BUNDLE_IDENTIFIER = dev.bchen.Kaifang;
				PRODUCT_NAME = "$(TARGET_NAME)";
				PROVISIONING_PROFILE_SPECIFIER = "";
				"PROVISIONING_PROFILE_SPECIFIER[sdk=iphoneos*]" = "Kaifang iOS App Store distribution";
				STRING_CATALOG_GENERATE_SYMBOLS = YES;
				SWIFT_APPROACHABLE_CONCURRENCY = YES;
				SWIFT_DEFAULT_ACTOR_ISOLATION = MainActor;
				SWIFT_EMIT_LOC_STRINGS = YES;
				SWIFT_UPCOMING_FEATURE_MEMBER_IMPORT_VISIBILITY = YES;
				SWIFT_VERSION = 5.0;
				TARGETED_DEVICE_FAMILY = "1,2";
			};
			name = Debug;
		};
		2056FDBD2FBBEF2400B4AD3D /* Release */ = {
			isa = XCBuildConfiguration;
			buildSettings = {
				ASSETCATALOG_COMPILER_APPICON_NAME = AppIcon;
				ASSETCATALOG_COMPILER_GLOBAL_ACCENT_COLOR_NAME = AccentColor;
				CODE_SIGN_ENTITLEMENTS = Kaifang/Kaifang.entitlements;
				"CODE_SIGN_IDENTITY[sdk=iphoneos*]" = "iPhone Distribution";
				CODE_SIGN_STYLE = Manual;
				CURRENT_PROJECT_VERSION = 1;
				DEVELOPMENT_TEAM = "";
				"DEVELOPMENT_TEAM[sdk=iphoneos*]" = 4A9XHUS87Q;
				GENERATE_INFOPLIST_FILE = YES;
				INFOPLIST_FILE = Kaifang/Info.plist;
				INFOPLIST_KEY_UIApplicationSupportsIndirectInputEvents = YES;
				INFOPLIST_KEY_UILaunchStoryboardName = LaunchScreen;
				INFOPLIST_KEY_UIMainStoryboardFile = Main;
				INFOPLIST_KEY_UISupportedInterfaceOrientations_iPad = "UIInterfaceOrientationPortrait UIInterfaceOrientationPortraitUpsideDown UIInterfaceOrientationLandscapeLeft UIInterfaceOrientationLandscapeRight";
				INFOPLIST_KEY_UISupportedInterfaceOrientations_iPhone = "UIInterfaceOrientationPortrait UIInterfaceOrientationLandscapeLeft UIInterfaceOrientationLandscapeRight";
				LD_RUNPATH_SEARCH_PATHS = (
					"$(inherited)",
					"@executable_path/Frameworks",
				);
				MARKETING_VERSION = 1.0;
				PRODUCT_BUNDLE_IDENTIFIER = dev.bchen.Kaifang;
				PRODUCT_NAME = "$(TARGET_NAME)";
				PROVISIONING_PROFILE_SPECIFIER = "";
				"PROVISIONING_PROFILE_SPECIFIER[sdk=iphoneos*]" = "Kaifang iOS App Store distribution";
				STRING_CATALOG_GENERATE_SYMBOLS = YES;
				SWIFT_APPROACHABLE_CONCURRENCY = YES;
				SWIFT_DEFAULT_ACTOR_ISOLATION = MainActor;
				SWIFT_EMIT_LOC_STRINGS = YES;
				SWIFT_UPCOMING_FEATURE_MEMBER_IMPORT_VISIBILITY = YES;
				SWIFT_VERSION = 5.0;
				TARGETED_DEVICE_FAMILY = "1,2";
			};
			name = Release;
		};
		2056FDBE2FBBEF2400B4AD3D /* Debug */ = {
			isa = XCBuildConfiguration;
			buildSettings = {
				ALWAYS_SEARCH_USER_PATHS = NO;
				ASSETCATALOG_COMPILER_GENERATE_SWIFT_ASSET_SYMBOL_EXTENSIONS = YES;
				CLANG_ANALYZER_NONNULL = YES;
				CLANG_ANALYZER_NUMBER_OBJECT_CONVERSION = YES_AGGRESSIVE;
				CLANG_CXX_LANGUAGE_STANDARD = "gnu++20";
				CLANG_ENABLE_MODULES = YES;
				CLANG_ENABLE_OBJC_ARC = YES;
				CLANG_ENABLE_OBJC_WEAK = YES;
				CLANG_WARN_BLOCK_CAPTURE_AUTORELEASING = YES;
				CLANG_WARN_BOOL_CONVERSION = YES;
				CLANG_WARN_COMMA = YES;
				CLANG_WARN_CONSTANT_CONVERSION = YES;
				CLANG_WARN_DEPRECATED_OBJC_IMPLEMENTATIONS = YES;
				CLANG_WARN_DIRECT_OBJC_ISA_USAGE = YES_ERROR;
				CLANG_WARN_DOCUMENTATION_COMMENTS = YES;
				CLANG_WARN_EMPTY_BODY = YES;
				CLANG_WARN_ENUM_CONVERSION = YES;
				CLANG_WARN_INFINITE_RECURSION = YES;
				CLANG_WARN_INT_CONVERSION = YES;
				CLANG_WARN_NON_LITERAL_NULL_CONVERSION = YES;
				CLANG_WARN_OBJC_IMPLICIT_RETAIN_SELF = YES;
				CLANG_WARN_OBJC_LITERAL_CONVERSION = YES;
				CLANG_WARN_OBJC_ROOT_CLASS = YES_ERROR;
				CLANG_WARN_QUOTED_INCLUDE_IN_FRAMEWORK_HEADER = YES;
				CLANG_WARN_RANGE_LOOP_ANALYSIS = YES;
				CLANG_WARN_STRICT_PROTOTYPES = YES;
				CLANG_WARN_SUSPICIOUS_MOVE = YES;
				CLANG_WARN_UNGUARDED_AVAILABILITY = YES_AGGRESSIVE;
				CLANG_WARN_UNREACHABLE_CODE = YES;
				CLANG_WARN__DUPLICATE_METHOD_MATCH = YES;
				COPY_PHASE_STRIP = NO;
				DEBUG_INFORMATION_FORMAT = dwarf;
				DEVELOPMENT_TEAM = 4A9XHUS87Q;
				ENABLE_STRICT_OBJC_MSGSEND = YES;
				ENABLE_TESTABILITY = YES;
				ENABLE_USER_SCRIPT_SANDBOXING = YES;
				GCC_C_LANGUAGE_STANDARD = gnu17;
				GCC_DYNAMIC_NO_PIC = NO;
				GCC_NO_COMMON_BLOCKS = YES;
				GCC_OPTIMIZATION_LEVEL = 0;
				GCC_PREPROCESSOR_DEFINITIONS = (
					"DEBUG=1",
					"$(inherited)",
				);
				GCC_WARN_64_TO_32_BIT_CONVERSION = YES;
				GCC_WARN_ABOUT_RETURN_TYPE = YES_ERROR;
				GCC_WARN_UNDECLARED_SELECTOR = YES;
				GCC_WARN_UNINITIALIZED_AUTOS = YES_AGGRESSIVE;
				GCC_WARN_UNUSED_FUNCTION = YES;
				GCC_WARN_UNUSED_VARIABLE = YES;
				IPHONEOS_DEPLOYMENT_TARGET = 26.5;
				LOCALIZATION_PREFERS_STRING_CATALOGS = YES;
				MTL_ENABLE_DEBUG_INFO = INCLUDE_SOURCE;
				MTL_FAST_MATH = YES;
				ONLY_ACTIVE_ARCH = YES;
				SDKROOT = iphoneos;
				SWIFT_ACTIVE_COMPILATION_CONDITIONS = "DEBUG $(inherited)";
				SWIFT_OPTIMIZATION_LEVEL = "-Onone";
			};
			name = Debug;
		};
		2056FDBF2FBBEF2400B4AD3D /* Release */ = {
			isa = XCBuildConfiguration;
			buildSettings = {
				ALWAYS_SEARCH_USER_PATHS = NO;
				ASSETCATALOG_COMPILER_GENERATE_SWIFT_ASSET_SYMBOL_EXTENSIONS = YES;
				CLANG_ANALYZER_NONNULL = YES;
				CLANG_ANALYZER_NUMBER_OBJECT_CONVERSION = YES_AGGRESSIVE;
				CLANG_CXX_LANGUAGE_STANDARD = "gnu++20";
				CLANG_ENABLE_MODULES = YES;
				CLANG_ENABLE_OBJC_ARC = YES;
				CLANG_ENABLE_OBJC_WEAK = YES;
				CLANG_WARN_BLOCK_CAPTURE_AUTORELEASING = YES;
				CLANG_WARN_BOOL_CONVERSION = YES;
				CLANG_WARN_COMMA = YES;
				CLANG_WARN_CONSTANT_CONVERSION = YES;
				CLANG_WARN_DEPRECATED_OBJC_IMPLEMENTATIONS = YES;
				CLANG_WARN_DIRECT_OBJC_ISA_USAGE = YES_ERROR;
				CLANG_WARN_DOCUMENTATION_COMMENTS = YES;
				CLANG_WARN_EMPTY_BODY = YES;
				CLANG_WARN_ENUM_CONVERSION = YES;
				CLANG_WARN_INFINITE_RECURSION = YES;
				CLANG_WARN_INT_CONVERSION = YES;
				CLANG_WARN_NON_LITERAL_NULL_CONVERSION = YES;
				CLANG_WARN_OBJC_IMPLICIT_RETAIN_SELF = YES;
				CLANG_WARN_OBJC_LITERAL_CONVERSION = YES;
				CLANG_WARN_OBJC_ROOT_CLASS = YES_ERROR;
				CLANG_WARN_QUOTED_INCLUDE_IN_FRAMEWORK_HEADER = YES;
				CLANG_WARN_RANGE_LOOP_ANALYSIS = YES;
				CLANG_WARN_STRICT_PROTOTYPES = YES;
				CLANG_WARN_SUSPICIOUS_MOVE = YES;
				CLANG_WARN_UNGUARDED_AVAILABILITY = YES_AGGRESSIVE;
				CLANG_WARN_UNREACHABLE_CODE = YES;
				CLANG_WARN__DUPLICATE_METHOD_MATCH = YES;
				COPY_PHASE_STRIP = NO;
				DEBUG_INFORMATION_FORMAT = "dwarf-with-dsym";
				DEVELOPMENT_TEAM = 4A9XHUS87Q;
				ENABLE_NS_ASSERTIONS = NO;
				ENABLE_STRICT_OBJC_MSGSEND = YES;
				ENABLE_USER_SCRIPT_SANDBOXING = YES;
				GCC_C_LANGUAGE_STANDARD = gnu17;
				GCC_NO_COMMON_BLOCKS = YES;
				GCC_WARN_64_TO_32_BIT_CONVERSION = YES;
				GCC_WARN_ABOUT_RETURN_TYPE = YES_ERROR;
				GCC_WARN_UNDECLARED_SELECTOR = YES;
				GCC_WARN_UNINITIALIZED_AUTOS = YES_AGGRESSIVE;
				GCC_WARN_UNUSED_FUNCTION = YES;
				GCC_WARN_UNUSED_VARIABLE = YES;
				IPHONEOS_DEPLOYMENT_TARGET = 26.5;
				LOCALIZATION_PREFERS_STRING_CATALOGS = YES;
				MTL_ENABLE_DEBUG_INFO = NO;
				MTL_FAST_MATH = YES;
				SDKROOT = iphoneos;
				SWIFT_COMPILATION_MODE = wholemodule;
				VALIDATE_PRODUCT = YES;
			};
			name = Release;
		};
		2056FDC12FBBEF2400B4AD3D /* Debug */ = {
			isa = XCBuildConfiguration;
			buildSettings = {
				BUNDLE_LOADER = "$(TEST_HOST)";
				"CODE_SIGN_IDENTITY[sdk=macosx*]" = "Developer ID Application";
				CODE_SIGN_STYLE = Manual;
				CURRENT_PROJECT_VERSION = 1;
				DEVELOPMENT_TEAM = "";
				"DEVELOPMENT_TEAM[sdk=iphoneos*]" = 4A9XHUS87Q;
				"DEVELOPMENT_TEAM[sdk=macosx*]" = 4A9XHUS87Q;
				GENERATE_INFOPLIST_FILE = YES;
				IPHONEOS_DEPLOYMENT_TARGET = 26.5;
				MARKETING_VERSION = 1.0;
				PRODUCT_BUNDLE_IDENTIFIER = dev.bchen.KaifangTests;
				PRODUCT_NAME = "$(TARGET_NAME)";
				PROVISIONING_PROFILE_SPECIFIER = "";
				STRING_CATALOG_GENERATE_SYMBOLS = NO;
				SWIFT_APPROACHABLE_CONCURRENCY = YES;
				SWIFT_EMIT_LOC_STRINGS = NO;
				SWIFT_UPCOMING_FEATURE_MEMBER_IMPORT_VISIBILITY = YES;
				SWIFT_VERSION = 5.0;
				TARGETED_DEVICE_FAMILY = "1,2";
				TEST_HOST = "$(BUILT_PRODUCTS_DIR)/Kaifang.app/$(BUNDLE_EXECUTABLE_FOLDER_PATH)/Kaifang";
			};
			name = Debug;
		};
		2056FDC22FBBEF2400B4AD3D /* Release */ = {
			isa = XCBuildConfiguration;
			buildSettings = {
				BUNDLE_LOADER = "$(TEST_HOST)";
				"CODE_SIGN_IDENTITY[sdk=macosx*]" = "Developer ID Application";
				CODE_SIGN_STYLE = Manual;
				CURRENT_PROJECT_VERSION = 1;
				DEVELOPMENT_TEAM = "";
				"DEVELOPMENT_TEAM[sdk=iphoneos*]" = 4A9XHUS87Q;
				"DEVELOPMENT_TEAM[sdk=macosx*]" = 4A9XHUS87Q;
				GENERATE_INFOPLIST_FILE = YES;
				IPHONEOS_DEPLOYMENT_TARGET = 26.5;
				MARKETING_VERSION = 1.0;
				PRODUCT_BUNDLE_IDENTIFIER = dev.bchen.KaifangTests;
				PRODUCT_NAME = "$(TARGET_NAME)";
				PROVISIONING_PROFILE_SPECIFIER = "";
				STRING_CATALOG_GENERATE_SYMBOLS = NO;
				SWIFT_APPROACHABLE_CONCURRENCY = YES;
				SWIFT_EMIT_LOC_STRINGS = NO;
				SWIFT_UPCOMING_FEATURE_MEMBER_IMPORT_VISIBILITY = YES;
				SWIFT_VERSION = 5.0;
				TARGETED_DEVICE_FAMILY = "1,2";
				TEST_HOST = "$(BUILT_PRODUCTS_DIR)/Kaifang.app/$(BUNDLE_EXECUTABLE_FOLDER_PATH)/Kaifang";
			};
			name = Release;
		};
		2056FDC42FBBEF2400B4AD3D /* Debug */ = {
			isa = XCBuildConfiguration;
			buildSettings = {
				CODE_SIGN_IDENTITY = "Apple Development";
				CODE_SIGN_STYLE = Manual;
				CURRENT_PROJECT_VERSION = 1;
				DEVELOPMENT_TEAM = "";
				"DEVELOPMENT_TEAM[sdk=macosx*]" = 4A9XHUS87Q;
				GENERATE_INFOPLIST_FILE = YES;
				MARKETING_VERSION = 1.0;
				PRODUCT_BUNDLE_IDENTIFIER = dev.bchen.KaifangUITests;
				PRODUCT_NAME = "$(TARGET_NAME)";
				PROVISIONING_PROFILE_SPECIFIER = "";
				STRING_CATALOG_GENERATE_SYMBOLS = NO;
				SWIFT_APPROACHABLE_CONCURRENCY = YES;
				SWIFT_EMIT_LOC_STRINGS = NO;
				SWIFT_UPCOMING_FEATURE_MEMBER_IMPORT_VISIBILITY = YES;
				SWIFT_VERSION = 5.0;
				TARGETED_DEVICE_FAMILY = "1,2";
				TEST_TARGET_NAME = Kaifang;
			};
			name = Debug;
		};
		2056FDC52FBBEF2400B4AD3D /* Release */ = {
			isa = XCBuildConfiguration;
			buildSettings = {
				CODE_SIGN_IDENTITY = "Apple Development";
				CODE_SIGN_STYLE = Manual;
				CURRENT_PROJECT_VERSION = 1;
				DEVELOPMENT_TEAM = "";
				"DEVELOPMENT_TEAM[sdk=macosx*]" = 4A9XHUS87Q;
				GENERATE_INFOPLIST_FILE = YES;
				MARKETING_VERSION = 1.0;
				PRODUCT_BUNDLE_IDENTIFIER = dev.bchen.KaifangUITests;
				PRODUCT_NAME = "$(TARGET_NAME)";
				PROVISIONING_PROFILE_SPECIFIER = "";
				STRING_CATALOG_GENERATE_SYMBOLS = NO;
				SWIFT_APPROACHABLE_CONCURRENCY = YES;
				SWIFT_EMIT_LOC_STRINGS = NO;
				SWIFT_UPCOMING_FEATURE_MEMBER_IMPORT_VISIBILITY = YES;
				SWIFT_VERSION = 5.0;
				TARGETED_DEVICE_FAMILY = "1,2";
				TEST_TARGET_NAME = Kaifang;
			};
			name = Release;
		};
		209990D72FC4FAC200C5A4E0 /* Debug */ = {
			isa = XCBuildConfiguration;
			buildSettings = {
				ASSETCATALOG_COMPILER_APPICON_NAME = AppIcon;
				ASSETCATALOG_COMPILER_GLOBAL_ACCENT_COLOR_NAME = AccentColor;
				"CODE_SIGN_IDENTITY[sdk=macosx*]" = "Developer ID Application";
				CODE_SIGN_STYLE = Manual;
				COMBINE_HIDPI_IMAGES = YES;
				CURRENT_PROJECT_VERSION = 1;
				DEVELOPMENT_TEAM = "";
				"DEVELOPMENT_TEAM[sdk=macosx*]" = 4A9XHUS87Q;
				ENABLE_APP_SANDBOX = YES;
				ENABLE_HARDENED_RUNTIME = YES;
				ENABLE_USER_SELECTED_FILES = readonly;
				GENERATE_INFOPLIST_FILE = YES;
				INFOPLIST_KEY_NSHumanReadableCopyright = "";
				INFOPLIST_KEY_NSMainStoryboardFile = Main;
				INFOPLIST_KEY_NSPrincipalClass = NSApplication;
				LD_RUNPATH_SEARCH_PATHS = (
					"$(inherited)",
					"@executable_path/../Frameworks",
				);
				MACOSX_DEPLOYMENT_TARGET = 26.3;
				MARKETING_VERSION = 1.0;
				PRODUCT_BUNDLE_IDENTIFIER = "dev.bchen.Kaifang-Mac";
				PRODUCT_NAME = "$(TARGET_NAME)";
				PROVISIONING_PROFILE_SPECIFIER = "";
				REGISTER_APP_GROUPS = YES;
				SDKROOT = macosx;
				STRING_CATALOG_GENERATE_SYMBOLS = YES;
				SWIFT_APPROACHABLE_CONCURRENCY = YES;
				SWIFT_DEFAULT_ACTOR_ISOLATION = MainActor;
				SWIFT_EMIT_LOC_STRINGS = YES;
				SWIFT_UPCOMING_FEATURE_MEMBER_IMPORT_VISIBILITY = YES;
				SWIFT_VERSION = 5.0;
			};
			name = Debug;
		};
		209990D82FC4FAC200C5A4E0 /* Release */ = {
			isa = XCBuildConfiguration;
			buildSettings = {
				ASSETCATALOG_COMPILER_APPICON_NAME = AppIcon;
				ASSETCATALOG_COMPILER_GLOBAL_ACCENT_COLOR_NAME = AccentColor;
				"CODE_SIGN_IDENTITY[sdk=macosx*]" = "Developer ID Application";
				CODE_SIGN_STYLE = Manual;
				COMBINE_HIDPI_IMAGES = YES;
				CURRENT_PROJECT_VERSION = 1;
				DEVELOPMENT_TEAM = "";
				"DEVELOPMENT_TEAM[sdk=macosx*]" = 4A9XHUS87Q;
				ENABLE_APP_SANDBOX = YES;
				ENABLE_HARDENED_RUNTIME = YES;
				ENABLE_USER_SELECTED_FILES = readonly;
				GENERATE_INFOPLIST_FILE = YES;
				INFOPLIST_KEY_NSHumanReadableCopyright = "";
				INFOPLIST_KEY_NSMainStoryboardFile = Main;
				INFOPLIST_KEY_NSPrincipalClass = NSApplication;
				LD_RUNPATH_SEARCH_PATHS = (
					"$(inherited)",
					"@executable_path/../Frameworks",
				);
				MACOSX_DEPLOYMENT_TARGET = 26.3;
				MARKETING_VERSION = 1.0;
				PRODUCT_BUNDLE_IDENTIFIER = "dev.bchen.Kaifang-Mac";
				PRODUCT_NAME = "$(TARGET_NAME)";
				PROVISIONING_PROFILE_SPECIFIER = "";
				REGISTER_APP_GROUPS = YES;
				SDKROOT = macosx;
				STRING_CATALOG_GENERATE_SYMBOLS = YES;
				SWIFT_APPROACHABLE_CONCURRENCY = YES;
				SWIFT_DEFAULT_ACTOR_ISOLATION = MainActor;
				SWIFT_EMIT_LOC_STRINGS = YES;
				SWIFT_UPCOMING_FEATURE_MEMBER_IMPORT_VISIBILITY = YES;
				SWIFT_VERSION = 5.0;
			};
			name = Release;
		};
		209990D92FC4FAC200C5A4E0 /* Debug */ = {
			isa = XCBuildConfiguration;
			buildSettings = {
				BUNDLE_LOADER = "$(TEST_HOST)";
				"CODE_SIGN_IDENTITY[sdk=macosx*]" = "Developer ID Application";
				CODE_SIGN_STYLE = Manual;
				CURRENT_PROJECT_VERSION = 1;
				DEVELOPMENT_TEAM = "";
				"DEVELOPMENT_TEAM[sdk=macosx*]" = 4A9XHUS87Q;
				GENERATE_INFOPLIST_FILE = YES;
				MACOSX_DEPLOYMENT_TARGET = 26.3;
				MARKETING_VERSION = 1.0;
				PRODUCT_BUNDLE_IDENTIFIER = "dev.bchen.Kaifang-MacTests";
				PRODUCT_NAME = "$(TARGET_NAME)";
				PROVISIONING_PROFILE_SPECIFIER = "";
				SDKROOT = macosx;
				STRING_CATALOG_GENERATE_SYMBOLS = NO;
				SWIFT_APPROACHABLE_CONCURRENCY = YES;
				SWIFT_EMIT_LOC_STRINGS = NO;
				SWIFT_UPCOMING_FEATURE_MEMBER_IMPORT_VISIBILITY = YES;
				SWIFT_VERSION = 5.0;
				TEST_HOST = "$(BUILT_PRODUCTS_DIR)/Kaifang-Mac.app/$(BUNDLE_EXECUTABLE_FOLDER_PATH)/Kaifang-Mac";
			};
			name = Debug;
		};
		209990DA2FC4FAC200C5A4E0 /* Release */ = {
			isa = XCBuildConfiguration;
			buildSettings = {
				BUNDLE_LOADER = "$(TEST_HOST)";
				"CODE_SIGN_IDENTITY[sdk=macosx*]" = "Developer ID Application";
				CODE_SIGN_STYLE = Manual;
				CURRENT_PROJECT_VERSION = 1;
				DEVELOPMENT_TEAM = "";
				"DEVELOPMENT_TEAM[sdk=macosx*]" = 4A9XHUS87Q;
				GENERATE_INFOPLIST_FILE = YES;
				MACOSX_DEPLOYMENT_TARGET = 26.3;
				MARKETING_VERSION = 1.0;
				PRODUCT_BUNDLE_IDENTIFIER = "dev.bchen.Kaifang-MacTests";
				PRODUCT_NAME = "$(TARGET_NAME)";
				PROVISIONING_PROFILE_SPECIFIER = "";
				SDKROOT = macosx;
				STRING_CATALOG_GENERATE_SYMBOLS = NO;
				SWIFT_APPROACHABLE_CONCURRENCY = YES;
				SWIFT_EMIT_LOC_STRINGS = NO;
				SWIFT_UPCOMING_FEATURE_MEMBER_IMPORT_VISIBILITY = YES;
				SWIFT_VERSION = 5.0;
				TEST_HOST = "$(BUILT_PRODUCTS_DIR)/Kaifang-Mac.app/$(BUNDLE_EXECUTABLE_FOLDER_PATH)/Kaifang-Mac";
			};
			name = Release;
		};
		209990DB2FC4FAC200C5A4E0 /* Debug */ = {
			isa = XCBuildConfiguration;
			buildSettings = {
				"CODE_SIGN_IDENTITY[sdk=macosx*]" = "Developer ID Application";
				CODE_SIGN_STYLE = Manual;
				CURRENT_PROJECT_VERSION = 1;
				DEVELOPMENT_TEAM = "";
				"DEVELOPMENT_TEAM[sdk=macosx*]" = 4A9XHUS87Q;
				GENERATE_INFOPLIST_FILE = YES;
				MACOSX_DEPLOYMENT_TARGET = 26.3;
				MARKETING_VERSION = 1.0;
				PRODUCT_BUNDLE_IDENTIFIER = "dev.bchen.Kaifang-MacUITests";
				PRODUCT_NAME = "$(TARGET_NAME)";
				PROVISIONING_PROFILE_SPECIFIER = "";
				SDKROOT = macosx;
				STRING_CATALOG_GENERATE_SYMBOLS = NO;
				SWIFT_APPROACHABLE_CONCURRENCY = YES;
				SWIFT_EMIT_LOC_STRINGS = NO;
				SWIFT_UPCOMING_FEATURE_MEMBER_IMPORT_VISIBILITY = YES;
				SWIFT_VERSION = 5.0;
				TEST_TARGET_NAME = "Kaifang-Mac";
			};
			name = Debug;
		};
		209990DC2FC4FAC200C5A4E0 /* Release */ = {
			isa = XCBuildConfiguration;
			buildSettings = {
				"CODE_SIGN_IDENTITY[sdk=macosx*]" = "Developer ID Application";
				CODE_SIGN_STYLE = Manual;
				CURRENT_PROJECT_VERSION = 1;
				DEVELOPMENT_TEAM = "";
				"DEVELOPMENT_TEAM[sdk=macosx*]" = 4A9XHUS87Q;
				GENERATE_INFOPLIST_FILE = YES;
				MACOSX_DEPLOYMENT_TARGET = 26.3;
				MARKETING_VERSION = 1.0;
				PRODUCT_BUNDLE_IDENTIFIER = "dev.bchen.Kaifang-MacUITests";
				PRODUCT_NAME = "$(TARGET_NAME)";
				PROVISIONING_PROFILE_SPECIFIER = "";
				SDKROOT = macosx;
				STRING_CATALOG_GENERATE_SYMBOLS = NO;
				SWIFT_APPROACHABLE_CONCURRENCY = YES;
				SWIFT_EMIT_LOC_STRINGS = NO;
				SWIFT_UPCOMING_FEATURE_MEMBER_IMPORT_VISIBILITY = YES;
				SWIFT_VERSION = 5.0;
				TEST_TARGET_NAME = "Kaifang-Mac";
			};
			name = Release;
		};
/* End XCBuildConfiguration section */

/* Begin XCConfigurationList section */
		2056FD892FBBEF2200B4AD3D /* Build configuration list for PBXProject "Kaifang" */ = {
			isa = XCConfigurationList;
			buildConfigurations = (
				2056FDBE2FBBEF2400B4AD3D /* Debug */,
				2056FDBF2FBBEF2400B4AD3D /* Release */,
			);
			defaultConfigurationIsVisible = 0;
			defaultConfigurationName = Release;
		};
		2056FDBB2FBBEF2400B4AD3D /* Build configuration list for PBXNativeTarget "Kaifang" */ = {
			isa = XCConfigurationList;
			buildConfigurations = (
				2056FDBC2FBBEF2400B4AD3D /* Debug */,
				2056FDBD2FBBEF2400B4AD3D /* Release */,
			);
			defaultConfigurationIsVisible = 0;
			defaultConfigurationName = Release;
		};
		2056FDC02FBBEF2400B4AD3D /* Build configuration list for PBXNativeTarget "KaifangTests" */ = {
			isa = XCConfigurationList;
			buildConfigurations = (
				2056FDC12FBBEF2400B4AD3D /* Debug */,
				2056FDC22FBBEF2400B4AD3D /* Release */,
			);
			defaultConfigurationIsVisible = 0;
			defaultConfigurationName = Release;
		};
		2056FDC32FBBEF2400B4AD3D /* Build configuration list for PBXNativeTarget "KaifangUITests" */ = {
			isa = XCConfigurationList;
			buildConfigurations = (
				2056FDC42FBBEF2400B4AD3D /* Debug */,
				2056FDC52FBBEF2400B4AD3D /* Release */,
			);
			defaultConfigurationIsVisible = 0;
			defaultConfigurationName = Release;
		};
		209990DD2FC4FAC200C5A4E0 /* Build configuration list for PBXNativeTarget "Kaifang-Mac" */ = {
			isa = XCConfigurationList;
			buildConfigurations = (
				209990D72FC4FAC200C5A4E0 /* Debug */,
				209990D82FC4FAC200C5A4E0 /* Release */,
			);
			defaultConfigurationIsVisible = 0;
			defaultConfigurationName = Release;
		};
		209990DE2FC4FAC200C5A4E0 /* Build configuration list for PBXNativeTarget "Kaifang-MacTests" */ = {
			isa = XCConfigurationList;
			buildConfigurations = (
				209990D92FC4FAC200C5A4E0 /* Debug */,
				209990DA2FC4FAC200C5A4E0 /* Release */,
			);
			defaultConfigurationIsVisible = 0;
			defaultConfigurationName = Release;
		};
		209990DF2FC4FAC200C5A4E0 /* Build configuration list for PBXNativeTarget "Kaifang-MacUITests" */ = {
			isa = XCConfigurationList;
			buildConfigurations = (
				209990DB2FC4FAC200C5A4E0 /* Debug */,
				209990DC2FC4FAC200C5A4E0 /* Release */,
			);
			defaultConfigurationIsVisible = 0;
			defaultConfigurationName = Release;
		};
/* End XCConfigurationList section */

/* Begin XCSwiftPackageProductDependency section */
		209990E22FC4FC2800C5A4E0 /* KaifangCore */ = {
			isa = XCSwiftPackageProductDependency;
			productName = KaifangCore;
		};
		209990E42FC4FC2800C5A4E0 /* KaifangPresentation */ = {
			isa = XCSwiftPackageProductDependency;
			productName = KaifangPresentation;
		};
		209990E62FC4FC3100C5A4E0 /* KaifangCore */ = {
			isa = XCSwiftPackageProductDependency;
			productName = KaifangCore;
		};
		209990E82FC4FC3100C5A4E0 /* KaifangPresentation */ = {
			isa = XCSwiftPackageProductDependency;
			productName = KaifangPresentation;
		};
/* End XCSwiftPackageProductDependency section */
	};
	rootObject = 2056FD862FBBEF2200B4AD3D /* Project object */;
}
